
Microsoft Visual Studio Solution File, Format Version 12.00
# Visual Studio 15
VisualStudioVersion = 15.0.28010.0
MinimumVisualStudioVersion = 10.0.40219.1
Project("{FAE04EC0-301F-11D3-BF4B-00C04F79EFBC}") = "Prog1", "Prog1\Prog1.csproj", "{F5A796FE-0059-4B97-B157-813296104B45}"
EndProject
Global
	GlobalSection(SolutionConfigurationPlatforms) = preSolution
		Debug|Any CPU = Debug|Any CPU
		Release|Any CPU = Release|Any CPU
	EndGlobalSection
	GlobalSection(ProjectConfigurationPlatforms) = postSolution
		{F5A796FE-0059-4B97-B157-813296104B45}.Debug|Any CPU.ActiveCfg = Debug|Any CPU
		{F5A796FE-0059-4B97-B157-813296104B45}.Debug|Any CPU.Build.0 = Debug|Any CPU
		{F5A796FE-0059-4B97-B157-813296104B45}.Release|Any CPU.ActiveCfg = Release|Any CPU
		{F5A796FE-0059-4B97-B157-813296104B45}.Release|Any CPU.Build.0 = Release|Any CPU
	EndGlobalSection
	GlobalSection(SolutionProperties) = preSolution
		HideSolutionNode = FALSE
	EndGlobalSection
	GlobalSection(ExtensibilityGlobals) = postSolution
		SolutionGuid = {79B87291-9F60-4721-981D-F5A36847D3DE}
	EndGlobalSection
EndGlobal
